
Microsoft Visual Studio Solution File, Format Version 12.00
# Visual Studio Version 16
VisualStudioVersion = 16.0.30611.23
MinimumVisualStudioVersion = 10.0.40219.1
Project("{FAE04EC0-301F-11D3-BF4B-00C04F79EFBC}") = "DespachosJaveriana", "DespachosJaveriana.csproj", "{CF946649-50B5-419D-AE44-6669BE087418}"
EndProject
Project("{FAE04EC0-301F-11D3-BF4B-00C04F79EFBC}") = "DespachosBusinessLayer", "..\DespachosBusiness\DespachosBusinessLayer.csproj", "{AA74EBC8-CC43-4DB2-A1A0-42CE130039BB}"
EndProject
Project("{FAE04EC0-301F-11D3-BF4B-00C04F79EFBC}") = "DespachosDataLayer", "..\DespachosDataLayer\DespachosDataLayer.csproj", "{691C7C38-C728-48A9-A7F7-F7E177078C65}"
EndProject
Global
	GlobalSection(SolutionConfigurationPlatforms) = preSolution
		Debug|Any CPU = Debug|Any CPU
		Release|Any CPU = Release|Any CPU
	EndGlobalSection
	GlobalSection(ProjectConfigurationPlatforms) = postSolution
		{CF946649-50B5-419D-AE44-6669BE087418}.Debug|Any CPU.ActiveCfg = Debug|Any CPU
		{CF946649-50B5-419D-AE44-6669BE087418}.Debug|Any CPU.Build.0 = Debug|Any CPU
		{CF946649-50B5-419D-AE44-6669BE087418}.Release|Any CPU.ActiveCfg = Release|Any CPU
		{CF946649-50B5-419D-AE44-6669BE087418}.Release|Any CPU.Build.0 = Release|Any CPU
		{AA74EBC8-CC43-4DB2-A1A0-42CE130039BB}.Debug|Any CPU.ActiveCfg = Debug|Any CPU
		{AA74EBC8-CC43-4DB2-A1A0-42CE130039BB}.Debug|Any CPU.Build.0 = Debug|Any CPU
		{AA74EBC8-CC43-4DB2-A1A0-42CE130039BB}.Release|Any CPU.ActiveCfg = Release|Any CPU
		{AA74EBC8-CC43-4DB2-A1A0-42CE130039BB}.Release|Any CPU.Build.0 = Release|Any CPU
		{691C7C38-C728-48A9-A7F7-F7E177078C65}.Debug|Any CPU.ActiveCfg = Debug|Any CPU
		{691C7C38-C728-48A9-A7F7-F7E177078C65}.Debug|Any CPU.Build.0 = Debug|Any CPU
		{691C7C38-C728-48A9-A7F7-F7E177078C65}.Release|Any CPU.ActiveCfg = Release|Any CPU
		{691C7C38-C728-48A9-A7F7-F7E177078C65}.Release|Any CPU.Build.0 = Release|Any CPU
	EndGlobalSection
	GlobalSection(SolutionProperties) = preSolution
		HideSolutionNode = FALSE
	EndGlobalSection
	GlobalSection(ExtensibilityGlobals) = postSolution
		SolutionGuid = {85C59964-3621-4EBD-94AD-8E2F30AA33AA}
	EndGlobalSection
EndGlobal
